
Microsoft Visual Studio Solution File, Format Version 12.00
# Visual Studio Version 17
VisualStudioVersion = 17.10.35122.118
MinimumVisualStudioVersion = 10.0.40219.1
Project("{2150E333-8FDC-42A3-9474-1A3956D46DE8}") = "Auth.Core", "Auth.Core", "{F7C0C576-57C0-42E6-837E-61E2D3F47681}"
EndProject
Project("{2150E333-8FDC-42A3-9474-1A3956D46DE8}") = "Auth.Infrastructure", "Auth.Infrastructure", "{E00F044D-A994-425C-9817-DECB15546FF8}"
EndProject
Project("{2150E333-8FDC-42A3-9474-1A3956D46DE8}") = "Auth.Presentation", "Auth.Presentation", "{1DE9C3B8-869D-4101-B8FB-001927802147}"
EndProject
Project("{9A19103F-16F7-4668-BE54-9A1E7A4F7556}") = "Auth.Application", "Auth.Application\Auth.Application.csproj", "{38EFF187-4A7C-4AA4-A0C4-17EA9CE41A22}"
	ProjectSection(ProjectDependencies) = postProject
		{9AAC7F4D-2889-418B-8D15-506651B0497F} = {9AAC7F4D-2889-418B-8D15-506651B0497F}
	EndProjectSection
EndProject
Project("{9A19103F-16F7-4668-BE54-9A1E7A4F7556}") = "Auth.Domain", "Auth.Domain\Auth.Domain.csproj", "{FCCBCF4C-AFB7-460C-A600-8D9EC084E150}"
EndProject
Project("{9A19103F-16F7-4668-BE54-9A1E7A4F7556}") = "Auth.DAL", "Auth.DAL\Auth.DAL.csproj", "{31A5CE4E-318E-43DB-AA40-AA46EA613CBC}"
EndProject
Project("{9A19103F-16F7-4668-BE54-9A1E7A4F7556}") = "Auth.API", "Auth.API\Auth.API.csproj", "{9AAC7F4D-2889-418B-8D15-506651B0497F}"
EndProject
Global
	GlobalSection(SolutionConfigurationPlatforms) = preSolution
		Debug|Any CPU = Debug|Any CPU
		Release|Any CPU = Release|Any CPU
	EndGlobalSection
	GlobalSection(ProjectConfigurationPlatforms) = postSolution
		{38EFF187-4A7C-4AA4-A0C4-17EA9CE41A22}.Debug|Any CPU.ActiveCfg = Debug|Any CPU
		{38EFF187-4A7C-4AA4-A0C4-17EA9CE41A22}.Debug|Any CPU.Build.0 = Debug|Any CPU
		{38EFF187-4A7C-4AA4-A0C4-17EA9CE41A22}.Release|Any CPU.ActiveCfg = Release|Any CPU
		{38EFF187-4A7C-4AA4-A0C4-17EA9CE41A22}.Release|Any CPU.Build.0 = Release|Any CPU
		{FCCBCF4C-AFB7-460C-A600-8D9EC084E150}.Debug|Any CPU.ActiveCfg = Debug|Any CPU
		{FCCBCF4C-AFB7-460C-A600-8D9EC084E150}.Debug|Any CPU.Build.0 = Debug|Any CPU
		{FCCBCF4C-AFB7-460C-A600-8D9EC084E150}.Release|Any CPU.ActiveCfg = Release|Any CPU
		{FCCBCF4C-AFB7-460C-A600-8D9EC084E150}.Release|Any CPU.Build.0 = Release|Any CPU
		{31A5CE4E-318E-43DB-AA40-AA46EA613CBC}.Debug|Any CPU.ActiveCfg = Debug|Any CPU
		{31A5CE4E-318E-43DB-AA40-AA46EA613CBC}.Debug|Any CPU.Build.0 = Debug|Any CPU
		{31A5CE4E-318E-43DB-AA40-AA46EA613CBC}.Release|Any CPU.ActiveCfg = Release|Any CPU
		{31A5CE4E-318E-43DB-AA40-AA46EA613CBC}.Release|Any CPU.Build.0 = Release|Any CPU
		{9AAC7F4D-2889-418B-8D15-506651B0497F}.Debug|Any CPU.ActiveCfg = Debug|Any CPU
		{9AAC7F4D-2889-418B-8D15-506651B0497F}.Debug|Any CPU.Build.0 = Debug|Any CPU
		{9AAC7F4D-2889-418B-8D15-506651B0497F}.Release|Any CPU.ActiveCfg = Release|Any CPU
		{9AAC7F4D-2889-418B-8D15-506651B0497F}.Release|Any CPU.Build.0 = Release|Any CPU
	EndGlobalSection
	GlobalSection(SolutionProperties) = preSolution
		HideSolutionNode = FALSE
	EndGlobalSection
	GlobalSection(NestedProjects) = preSolution
		{38EFF187-4A7C-4AA4-A0C4-17EA9CE41A22} = {F7C0C576-57C0-42E6-837E-61E2D3F47681}
		{FCCBCF4C-AFB7-460C-A600-8D9EC084E150} = {F7C0C576-57C0-42E6-837E-61E2D3F47681}
		{31A5CE4E-318E-43DB-AA40-AA46EA613CBC} = {E00F044D-A994-425C-9817-DECB15546FF8}
		{9AAC7F4D-2889-418B-8D15-506651B0497F} = {1DE9C3B8-869D-4101-B8FB-001927802147}
	EndGlobalSection
	GlobalSection(ExtensibilityGlobals) = postSolution
		SolutionGuid = {9D3EE367-EFDA-4485-AB29-42A346FAD918}
	EndGlobalSection
EndGlobal
