
Microsoft Visual Studio Solution File, Format Version 12.00
# Visual Studio Version 17
VisualStudioVersion = 17.10.35122.118
MinimumVisualStudioVersion = 10.0.40219.1
Project("{2150E333-8FDC-42A3-9474-1A3956D46DE8}") = "Core", "Core", "{39A6CDBC-C37D-476D-840A-F58FE97C60DB}"
EndProject
Project("{2150E333-8FDC-42A3-9474-1A3956D46DE8}") = "External", "External", "{AF992DAF-B9E8-45C8-8EA8-9A36909D4882}"
EndProject
Project("{2150E333-8FDC-42A3-9474-1A3956D46DE8}") = "Web", "Web", "{C1BC3244-373B-4139-A8A3-D54F5A561FF0}"
EndProject
Project("{FAE04EC0-301F-11D3-BF4B-00C04F79EFBC}") = "AuthService.Core", "Core\AuthService.Core\AuthService.Core.csproj", "{4F32A2A7-D45D-4935-A8AC-518137F0F61E}"
EndProject
Project("{FAE04EC0-301F-11D3-BF4B-00C04F79EFBC}") = "AuthService.Application", "Core\AuthService.Application\AuthService.Application.csproj", "{5E1DD5D6-CC9E-431C-832D-673D0A7D7784}"
EndProject
Project("{FAE04EC0-301F-11D3-BF4B-00C04F79EFBC}") = "AuthService.Persistence", "External\AuthService.Persistence\AuthService.Persistence.csproj", "{E2A5022B-6AC7-4FC0-A0C6-04B40023BA9A}"
EndProject
Project("{FAE04EC0-301F-11D3-BF4B-00C04F79EFBC}") = "AuthService.Web", "Web\AuthService.Web\AuthService.Web.csproj", "{1F2B2382-8185-442F-BF99-66965B6857C6}"
EndProject
Global
	GlobalSection(SolutionConfigurationPlatforms) = preSolution
		Debug|Any CPU = Debug|Any CPU
		Release|Any CPU = Release|Any CPU
	EndGlobalSection
	GlobalSection(ProjectConfigurationPlatforms) = postSolution
		{4F32A2A7-D45D-4935-A8AC-518137F0F61E}.Debug|Any CPU.ActiveCfg = Debug|Any CPU
		{4F32A2A7-D45D-4935-A8AC-518137F0F61E}.Debug|Any CPU.Build.0 = Debug|Any CPU
		{4F32A2A7-D45D-4935-A8AC-518137F0F61E}.Release|Any CPU.ActiveCfg = Release|Any CPU
		{4F32A2A7-D45D-4935-A8AC-518137F0F61E}.Release|Any CPU.Build.0 = Release|Any CPU
		{5E1DD5D6-CC9E-431C-832D-673D0A7D7784}.Debug|Any CPU.ActiveCfg = Debug|Any CPU
		{5E1DD5D6-CC9E-431C-832D-673D0A7D7784}.Debug|Any CPU.Build.0 = Debug|Any CPU
		{5E1DD5D6-CC9E-431C-832D-673D0A7D7784}.Release|Any CPU.ActiveCfg = Release|Any CPU
		{5E1DD5D6-CC9E-431C-832D-673D0A7D7784}.Release|Any CPU.Build.0 = Release|Any CPU
		{E2A5022B-6AC7-4FC0-A0C6-04B40023BA9A}.Debug|Any CPU.ActiveCfg = Debug|Any CPU
		{E2A5022B-6AC7-4FC0-A0C6-04B40023BA9A}.Debug|Any CPU.Build.0 = Debug|Any CPU
		{E2A5022B-6AC7-4FC0-A0C6-04B40023BA9A}.Release|Any CPU.ActiveCfg = Release|Any CPU
		{E2A5022B-6AC7-4FC0-A0C6-04B40023BA9A}.Release|Any CPU.Build.0 = Release|Any CPU
		{1F2B2382-8185-442F-BF99-66965B6857C6}.Debug|Any CPU.ActiveCfg = Debug|Any CPU
		{1F2B2382-8185-442F-BF99-66965B6857C6}.Debug|Any CPU.Build.0 = Debug|Any CPU
		{1F2B2382-8185-442F-BF99-66965B6857C6}.Release|Any CPU.ActiveCfg = Release|Any CPU
		{1F2B2382-8185-442F-BF99-66965B6857C6}.Release|Any CPU.Build.0 = Release|Any CPU
	EndGlobalSection
	GlobalSection(SolutionProperties) = preSolution
		HideSolutionNode = FALSE
	EndGlobalSection
	GlobalSection(NestedProjects) = preSolution
		{4F32A2A7-D45D-4935-A8AC-518137F0F61E} = {39A6CDBC-C37D-476D-840A-F58FE97C60DB}
		{5E1DD5D6-CC9E-431C-832D-673D0A7D7784} = {39A6CDBC-C37D-476D-840A-F58FE97C60DB}
		{E2A5022B-6AC7-4FC0-A0C6-04B40023BA9A} = {AF992DAF-B9E8-45C8-8EA8-9A36909D4882}
		{1F2B2382-8185-442F-BF99-66965B6857C6} = {C1BC3244-373B-4139-A8A3-D54F5A561FF0}
	EndGlobalSection
	GlobalSection(ExtensibilityGlobals) = postSolution
		SolutionGuid = {9D3EE367-EFDA-4485-AB29-42A346FAD918}
	EndGlobalSection
EndGlobal
